
Microsoft Visual Studio Solution File, Format Version 12.00
# Visual Studio Version 17
VisualStudioVersion = 17.5.33627.172
MinimumVisualStudioVersion = 10.0.40219.1
Project("{FAE04EC0-301F-11D3-BF4B-00C04F79EFBC}") = "AS2", "AS2\AS2.csproj", "{B225E4B7-5721-4808-B88F-D1B0645511D5}"
EndProject
Global
	GlobalSection(SolutionConfigurationPlatforms) = preSolution
		Debug|Any CPU = Debug|Any CPU
		Release|Any CPU = Release|Any CPU
	EndGlobalSection
	GlobalSection(ProjectConfigurationPlatforms) = postSolution
		{B225E4B7-5721-4808-B88F-D1B0645511D5}.Debug|Any CPU.ActiveCfg = Debug|Any CPU
		{B225E4B7-5721-4808-B88F-D1B0645511D5}.Debug|Any CPU.Build.0 = Debug|Any CPU
		{B225E4B7-5721-4808-B88F-D1B0645511D5}.Release|Any CPU.ActiveCfg = Release|Any CPU
		{B225E4B7-5721-4808-B88F-D1B0645511D5}.Release|Any CPU.Build.0 = Release|Any CPU
	EndGlobalSection
	GlobalSection(SolutionProperties) = preSolution
		HideSolutionNode = FALSE
	EndGlobalSection
	GlobalSection(ExtensibilityGlobals) = postSolution
		SolutionGuid = {143A654B-EC05-489A-A66A-B80C7D3DCE75}
	EndGlobalSection
EndGlobal
